Microsoft Visual Studio Solution File, Format Version 12.00
Project("{FAE04EC0-301F-11D3-BF4B-00C04F79EFBC}") = "aoc-2016-csharp", "src/aoc-2016-csharp/aoc-2016-csharp.csproj", "{3C19BFDD-EA94-4882-A22B-4E1E7A2B3992}"
EndProject
Global
	GlobalSection(SolutionConfigurationPlatforms) = preSolution
		Debug|Any CPU = Debug|Any CPU
		Release|Any CPU = Release|Any CPU
	EndGlobalSection
	GlobalSection(ProjectConfigurationPlatforms) = postSolution
		{3C19BFDD-EA94-4882-A22B-4E1E7A2B3992}.Debug|Any CPU.ActiveCfg = Debug|Any CPU
		{3C19BFDD-EA94-4882-A22B-4E1E7A2B3992}.Debug|Any CPU.Build.0 = Debug|Any CPU
		{3C19BFDD-EA94-4882-A22B-4E1E7A2B3992}.Release|Any CPU.ActiveCfg = Release|Any CPU
		{3C19BFDD-EA94-4882-A22B-4E1E7A2B3992}.Release|Any CPU.Build.0 = Release|Any CPU
	EndGlobalSection
EndGlobal
